# THIS IS AN AUTOGENERATED FILE. DO NOT EDIT THIS FILE DIRECTLY.
# yarn lockfile v1


alexa-sdk@^1.0.6:
  version "1.0.9"
  resolved "https://registry.yarnpkg.com/alexa-sdk/-/alexa-sdk-1.0.9.tgz#28e4c09c0953401c878248a364a78ce1062853d3"
  dependencies:
    aws-sdk "^2.4.7"
    i18next "^3.4.1"
    i18next-sprintf-postprocessor "^0.2.2"

aws-sdk@^2.4.7:
  version "2.50.0"
  resolved "https://registry.yarnpkg.com/aws-sdk/-/aws-sdk-2.50.0.tgz#6b2855741f8efe064f824a3db0bf4f3bc5bde018"
  dependencies:
    buffer "5.0.6"
    crypto-browserify "1.0.9"
    jmespath "0.15.0"
    querystring "0.2.0"
    sax "1.2.1"
    url "0.10.3"
    uuid "3.0.1"
    xml2js "0.4.17"
    xmlbuilder "4.2.1"

base64-js@^1.0.2:
  version "1.2.0"
  resolved "https://registry.yarnpkg.com/base64-js/-/base64-js-1.2.0.tgz#a39992d723584811982be5e290bb6a53d86700f1"

buffer@5.0.6:
  version "5.0.6"
  resolved "https://registry.yarnpkg.com/buffer/-/buffer-5.0.6.tgz#2ea669f7eec0b6eda05b08f8b5ff661b28573588"
  dependencies:
    base64-js "^1.0.2"
    ieee754 "^1.1.4"

control.monads@:
  version "0.6.0"
  resolved "https://registry.yarnpkg.com/control.monads/-/control.monads-0.6.0.tgz#c50c158e1dd12ca7e05fcc3788f0e218d7c85388"
  dependencies:
    core.lambda "^1.0.0"
    xtend "^2.2.0"

core.lambda@^1.0.0:
  version "1.0.0"
  resolved "https://registry.yarnpkg.com/core.lambda/-/core.lambda-1.0.0.tgz#1260b257d48b6f830c060bf1fce567669f4d1d35"

core.operators@:
  version "1.0.0"
  resolved "https://registry.yarnpkg.com/core.operators/-/core.operators-1.0.0.tgz#f1eb7cc918c9334b3c9f891a464b899919a7b3a8"
  dependencies:
    core.lambda "^1.0.0"

crypto-browserify@1.0.9:
  version "1.0.9"
  resolved "https://registry.yarnpkg.com/crypto-browserify/-/crypto-browserify-1.0.9.tgz#cc5449685dfb85eb11c9828acc7cb87ab5bbfcc0"

data.maybe@:
  version "1.2.2"
  resolved "https://registry.yarnpkg.com/data.maybe/-/data.maybe-1.2.2.tgz#f955e4b5572b2eb5047eab93d8bb3a1cc76a2dc3"

data.task@:
  version "3.1.1"
  resolved "https://registry.yarnpkg.com/data.task/-/data.task-3.1.1.tgz#e985f5bedadd926b2d63c1a5d2076cff917a52ad"

data.validation@:
  version "1.3.1"
  resolved "https://registry.yarnpkg.com/data.validation/-/data.validation-1.3.1.tgz#0cc3185b61a1702ad71b840117b11717eec546fa"

i18next-sprintf-postprocessor@^0.2.2:
  version "0.2.2"
  resolved "https://registry.yarnpkg.com/i18next-sprintf-postprocessor/-/i18next-sprintf-postprocessor-0.2.2.tgz#2e409f1043579382698b6a2da70cdaa551d67ea4"

i18next@^3.4.1:
  version "3.5.2"
  resolved "https://registry.yarnpkg.com/i18next/-/i18next-3.5.2.tgz#930390d5c318ceaa4858b52dd0e40e6b203f9f41"

ieee754@^1.1.4:
  version "1.1.8"
  resolved "https://registry.yarnpkg.com/ieee754/-/ieee754-1.1.8.tgz#be33d40ac10ef1926701f6f08a2d86fbfd1ad3e4"

jmespath@0.15.0:
  version "0.15.0"
  resolved "https://registry.yarnpkg.com/jmespath/-/jmespath-0.15.0.tgz#a3f222a9aae9f966f5d27c796510e28091764217"

lodash@^4.0.0:
  version "4.17.4"
  resolved "https://registry.yarnpkg.com/lodash/-/lodash-4.17.4.tgz#78203a4d1c328ae1d86dca6460e369b57f4055ae"

punycode@1.3.2:
  version "1.3.2"
  resolved "https://registry.yarnpkg.com/punycode/-/punycode-1.3.2.tgz#9653a036fb7c1ee42342f2325cceefea3926c48d"

querystring@0.2.0:
  version "0.2.0"
  resolved "https://registry.yarnpkg.com/querystring/-/querystring-0.2.0.tgz#b209849203bb25df820da756e747005878521620"

sax@1.2.1, sax@>=0.6.0:
  version "1.2.1"
  resolved "https://registry.yarnpkg.com/sax/-/sax-1.2.1.tgz#7b8e656190b228e81a66aea748480d828cd2d37a"

url@0.10.3:
  version "0.10.3"
  resolved "https://registry.yarnpkg.com/url/-/url-0.10.3.tgz#021e4d9c7705f21bbf37d03ceb58767402774c64"
  dependencies:
    punycode "1.3.2"
    querystring "0.2.0"

uuid@3.0.1:
  version "3.0.1"
  resolved "https://registry.yarnpkg.com/uuid/-/uuid-3.0.1.tgz#6544bba2dfda8c1cf17e629a3a305e2bb1fee6c1"

xml2js@0.4.17:
  version "0.4.17"
  resolved "https://registry.yarnpkg.com/xml2js/-/xml2js-0.4.17.tgz#17be93eaae3f3b779359c795b419705a8817e868"
  dependencies:
    sax ">=0.6.0"
    xmlbuilder "^4.1.0"

xmlbuilder@4.2.1, xmlbuilder@^4.1.0:
  version "4.2.1"
  resolved "https://registry.yarnpkg.com/xmlbuilder/-/xmlbuilder-4.2.1.tgz#aa58a3041a066f90eaa16c2f5389ff19f3f461a5"
  dependencies:
    lodash "^4.0.0"

xtend@^2.2.0:
  version "2.2.0"
  resolved "https://registry.yarnpkg.com/xtend/-/xtend-2.2.0.tgz#eef6b1f198c1c8deafad8b1765a04dad4a01c5a9"
